{
  "meteor": {},
  "dependencies": {
    "basePackages": {
      "iron-router": {},
      "accounts-guest": {},
      "jquery-ui": {},
      "bootstrap-3": {},
      "accounts-ui-bootstrap-3": {},
      "user-session": {}
    },
    "packages": {
      "iron-router": {
        "git": "https://github.com/EventedMind/iron-router.git",
        "tag": "v0.7.1",
        "commit": "d1ffb3f06ea4c112132b030f2eb1a70b81675ecb"
      },
      "accounts-guest": {
        "git": "https://github.com/artwells/meteor-accounts-guest.git",
        "tag": "v0.0.6",
        "commit": "f40bcf1f9e5999c70ab81a4f1e7a39f3ce78aa57"
      },
      "jquery-ui": {
        "git": "https://github.com/TimHeckel/meteor-jquery-ui.git",
        "tag": "v1.9.2",
        "commit": "c437d45edcf1367df8d5ffa8bad2867758030bd2"
      },
      "bootstrap-3": {
        "git": "https://github.com/mangasocial/meteor-bootstrap-3.git",
        "tag": "v3.2.0-1",
        "commit": "17a63902fc6cf1096c5289d963c66cf28b474727"
      },
      "accounts-ui-bootstrap-3": {
        "git": "https://github.com/mangasocial/meteor-accounts-ui-bootstrap-3.git",
        "tag": "v0.3.3",
        "commit": "2e50b605d8d5ed68e48c4529a65f13552d8af3f9"
      },
      "user-session": {
        "git": "https://github.com/BenjaminRH/meteor-user-session.git",
        "tag": "v0.2.0",
        "commit": "9ce8cb3385f6bc08918dd30313f2251a42e6ff3b"
      },
      "blaze-layout": {
        "git": "https://github.com/EventedMind/blaze-layout.git",
        "tag": "v0.2.4",
        "commit": "b40e9b0612329288d75cf52ad14a7da64bb8618f"
      }
    }
  }
}
